
Microsoft Visual Studio Solution File, Format Version 12.00
Project("{FAE04EC0-301F-11D3-BF4B-00C04F79EFBC}") = "HuntingManticore", "HuntingManticore.csproj", "{138C9C84-9EDA-474F-9734-6E76DFCC942F}"
EndProject
Global
	GlobalSection(SolutionConfigurationPlatforms) = preSolution
		Debug|Any CPU = Debug|Any CPU
		Release|Any CPU = Release|Any CPU
	EndGlobalSection
	GlobalSection(ProjectConfigurationPlatforms) = postSolution
		{138C9C84-9EDA-474F-9734-6E76DFCC942F}.Debug|Any CPU.ActiveCfg = Debug|Any CPU
		{138C9C84-9EDA-474F-9734-6E76DFCC942F}.Debug|Any CPU.Build.0 = Debug|Any CPU
		{138C9C84-9EDA-474F-9734-6E76DFCC942F}.Release|Any CPU.ActiveCfg = Release|Any CPU
		{138C9C84-9EDA-474F-9734-6E76DFCC942F}.Release|Any CPU.Build.0 = Release|Any CPU
	EndGlobalSection
EndGlobal
