
Microsoft Visual Studio Solution File, Format Version 12.00
Project("{FAE04EC0-301F-11D3-BF4B-00C04F79EFBC}") = "WatchTower", "WatchTower.csproj", "{885A764E-AF3D-4D4A-879D-788D18F25710}"
EndProject
Global
	GlobalSection(SolutionConfigurationPlatforms) = preSolution
		Debug|Any CPU = Debug|Any CPU
		Release|Any CPU = Release|Any CPU
	EndGlobalSection
	GlobalSection(ProjectConfigurationPlatforms) = postSolution
		{885A764E-AF3D-4D4A-879D-788D18F25710}.Debug|Any CPU.ActiveCfg = Debug|Any CPU
		{885A764E-AF3D-4D4A-879D-788D18F25710}.Debug|Any CPU.Build.0 = Debug|Any CPU
		{885A764E-AF3D-4D4A-879D-788D18F25710}.Release|Any CPU.ActiveCfg = Release|Any CPU
		{885A764E-AF3D-4D4A-879D-788D18F25710}.Release|Any CPU.Build.0 = Release|Any CPU
	EndGlobalSection
EndGlobal
