
Microsoft Visual Studio Solution File, Format Version 12.00
Project("{FAE04EC0-301F-11D3-BF4B-00C04F79EFBC}") = "TickTock", "TickTock.csproj", "{AD4E5059-CA37-467E-9A1C-62B880C1409E}"
EndProject
Global
	GlobalSection(SolutionConfigurationPlatforms) = preSolution
		Debug|Any CPU = Debug|Any CPU
		Release|Any CPU = Release|Any CPU
	EndGlobalSection
	GlobalSection(ProjectConfigurationPlatforms) = postSolution
		{AD4E5059-CA37-467E-9A1C-62B880C1409E}.Debug|Any CPU.ActiveCfg = Debug|Any CPU
		{AD4E5059-CA37-467E-9A1C-62B880C1409E}.Debug|Any CPU.Build.0 = Debug|Any CPU
		{AD4E5059-CA37-467E-9A1C-62B880C1409E}.Release|Any CPU.ActiveCfg = Release|Any CPU
		{AD4E5059-CA37-467E-9A1C-62B880C1409E}.Release|Any CPU.Build.0 = Release|Any CPU
	EndGlobalSection
EndGlobal
